
Microsoft Visual Studio Solution File, Format Version 12.00
# Visual Studio Version 17
VisualStudioVersion = 17.0.31903.59
MinimumVisualStudioVersion = 10.0.40219.1
Project("{2150E333-8FDC-42A3-9474-1A3956D46DE8}") = "src", "src", "{43594776-80AB-4D9A-BF19-B7E55BA0ABD4}"
EndProject
Project("{FAE04EC0-301F-11D3-BF4B-00C04F79EFBC}") = "pet_project.net.Tasks.Host", "src\pet_project.net.Tasks.Host\pet_project.net.Tasks.Host.csproj", "{9E5BE40A-8159-4029-A11C-1BAE4D554204}"
EndProject
Project("{FAE04EC0-301F-11D3-BF4B-00C04F79EFBC}") = "tests", "tests\tests.csproj", "{EB5A369A-B6EA-43DC-8337-F495E39C2271}"
EndProject
Global
	GlobalSection(SolutionConfigurationPlatforms) = preSolution
		Debug|Any CPU = Debug|Any CPU
		Release|Any CPU = Release|Any CPU
	EndGlobalSection
	GlobalSection(SolutionProperties) = preSolution
		HideSolutionNode = FALSE
	EndGlobalSection
	GlobalSection(ProjectConfigurationPlatforms) = postSolution
		{9E5BE40A-8159-4029-A11C-1BAE4D554204}.Debug|Any CPU.ActiveCfg = Debug|Any CPU
		{9E5BE40A-8159-4029-A11C-1BAE4D554204}.Debug|Any CPU.Build.0 = Debug|Any CPU
		{9E5BE40A-8159-4029-A11C-1BAE4D554204}.Release|Any CPU.ActiveCfg = Release|Any CPU
		{9E5BE40A-8159-4029-A11C-1BAE4D554204}.Release|Any CPU.Build.0 = Release|Any CPU
		{EB5A369A-B6EA-43DC-8337-F495E39C2271}.Debug|Any CPU.ActiveCfg = Debug|Any CPU
		{EB5A369A-B6EA-43DC-8337-F495E39C2271}.Debug|Any CPU.Build.0 = Debug|Any CPU
		{EB5A369A-B6EA-43DC-8337-F495E39C2271}.Release|Any CPU.ActiveCfg = Release|Any CPU
		{EB5A369A-B6EA-43DC-8337-F495E39C2271}.Release|Any CPU.Build.0 = Release|Any CPU
	EndGlobalSection
	GlobalSection(NestedProjects) = preSolution
		{9E5BE40A-8159-4029-A11C-1BAE4D554204} = {43594776-80AB-4D9A-BF19-B7E55BA0ABD4}
	EndGlobalSection
EndGlobal
